
Microsoft Visual Studio Solution File, Format Version 12.00
# Visual Studio 15
VisualStudioVersion = 15.0.27130.2010
MinimumVisualStudioVersion = 10.0.40219.1
Project("{FAE04EC0-301F-11D3-BF4B-00C04F79EFBC}") = "FC", "FC\FC.csproj", "{BEFC5998-EB3A-47F7-B87F-928B743CCEEF}"
EndProject
Project("{FAE04EC0-301F-11D3-BF4B-00C04F79EFBC}") = "FC.Tests", "FC.Tests\FC.Tests.csproj", "{92D1ACCE-AB56-4768-BDE0-AC6C68898AA4}"
EndProject
Global
	GlobalSection(SolutionConfigurationPlatforms) = preSolution
		Debug|Any CPU = Debug|Any CPU
		Release|Any CPU = Release|Any CPU
	EndGlobalSection
	GlobalSection(ProjectConfigurationPlatforms) = postSolution
		{BEFC5998-EB3A-47F7-B87F-928B743CCEEF}.Debug|Any CPU.ActiveCfg = Debug|Any CPU
		{BEFC5998-EB3A-47F7-B87F-928B743CCEEF}.Debug|Any CPU.Build.0 = Debug|Any CPU
		{BEFC5998-EB3A-47F7-B87F-928B743CCEEF}.Release|Any CPU.ActiveCfg = Release|Any CPU
		{BEFC5998-EB3A-47F7-B87F-928B743CCEEF}.Release|Any CPU.Build.0 = Release|Any CPU
		{92D1ACCE-AB56-4768-BDE0-AC6C68898AA4}.Debug|Any CPU.ActiveCfg = Debug|Any CPU
		{92D1ACCE-AB56-4768-BDE0-AC6C68898AA4}.Debug|Any CPU.Build.0 = Debug|Any CPU
		{92D1ACCE-AB56-4768-BDE0-AC6C68898AA4}.Release|Any CPU.ActiveCfg = Release|Any CPU
		{92D1ACCE-AB56-4768-BDE0-AC6C68898AA4}.Release|Any CPU.Build.0 = Release|Any CPU
	EndGlobalSection
	GlobalSection(SolutionProperties) = preSolution
		HideSolutionNode = FALSE
	EndGlobalSection
	GlobalSection(ExtensibilityGlobals) = postSolution
		SolutionGuid = {F13E7435-0717-4253-A713-E93CE00781E8}
	EndGlobalSection
EndGlobal
